<?xml version="1.0" encoding="utf-8"?>
<Project ToolsVersion="4.0" xmlns="http://schemas.microsoft.com/developer/msbuild/2003">
  <ItemGroup>
    <Filter Include="Source Files">
      <UniqueIdentifier>{a4495f1b-88c6-4961-949e-4160cb2c5757}</UniqueIdentifier>
      <Extensions>cpp;c;cxx;rc;def;r;odl;idl;hpj;bat</Extensions>
    </Filter>
    <Filter Include="Header Files">
      <UniqueIdentifier>{21d2c0f5-6fd4-451d-9d9c-6f71ccdf7eaf}</UniqueIdentifier>
      <Extensions>h;hpp;hxx;hm;inl</Extensions>
    </Filter>
    <Filter Include="Resource Files">
      <UniqueIdentifier>{6c6ba921-1ff6-49d2-a06b-f7950e5beb40}</UniqueIdentifier>
      <Extensions>ico;cur;bmp;dlg;rc2;rct;bin;rgs;gif;jpg;jpeg;jpe</Extensions>
    </Filter>
  </ItemGroup>
  <ItemGroup>
    <ClCompile Include="centre.cpp">
      <Filter>Source Files</Filter>
    </ClCompile>
    <ClCompile Include="Counter.cpp">
      <Filter>Source Files</Filter>
    </ClCompile>
    <ClCompile Include="FishEyeTransform.cpp">
      <Filter>Source Files</Filter>
    </ClCompile>
    <ClCompile Include="IPDInterface.cpp">
      <Filter>Source Files</Filter>
    </ClCompile>
    <ClCompile Include="laserprofiler.cpp">
      <Filter>Source Files</Filter>
    </ClCompile>
    <ClCompile Include="LaserTracking.cpp">
      <Filter>Source Files</Filter>
    </ClCompile>
    <ClCompile Include="profile.cpp">
      <Filter>Source Files</Filter>
    </ClCompile>
    <ClCompile Include="RadialProcess.cpp">
      <Filter>Source Files</Filter>
    </ClCompile>
    <ClCompile Include="VBlaserprofiler.cpp">
      <Filter>Source Files</Filter>
    </ClCompile>
    <ClCompile Include="video.cpp">
      <Filter>Source Files</Filter>
    </ClCompile>
  </ItemGroup>
  <ItemGroup>
    <ClInclude Include="CBSAlgebra.h">
      <Filter>Header Files</Filter>
    </ClInclude>
    <ClInclude Include="centre.h">
      <Filter>Header Files</Filter>
    </ClInclude>
    <ClInclude Include="Counter.h">
      <Filter>Header Files</Filter>
    </ClInclude>
    <ClInclude Include="FishEyeTransform.h">
      <Filter>Header Files</Filter>
    </ClInclude>
    <ClInclude Include="IPDInterface.h">
      <Filter>Header Files</Filter>
    </ClInclude>
    <ClInclude Include="laserprofiler.h">
      <Filter>Header Files</Filter>
    </ClInclude>
    <ClInclude Include="LaserTracking.h">
      <Filter>Header Files</Filter>
    </ClInclude>
    <ClInclude Include="profile.h">
      <Filter>Header Files</Filter>
    </ClInclude>
    <ClInclude Include="RadialProcess.h">
      <Filter>Header Files</Filter>
    </ClInclude>
    <ClInclude Include="VBlaserprofiler.h">
      <Filter>Header Files</Filter>
    </ClInclude>
    <ClInclude Include="video.h">
      <Filter>Header Files</Filter>
    </ClInclude>
  </ItemGroup>
  <ItemGroup>
    <Text Include="Dump.txt">
      <Filter>Resource Files</Filter>
    </Text>
    <Text Include="changelog.txt" />
    <Text Include="C:\ClearLineProfilerV4.0\ErrorCodes.txt" />
    <Text Include="ScrapBook.txt" />
  </ItemGroup>
  <ItemGroup>
    <CustomBuild Include="hough.def">
      <Filter>Source Files</Filter>
    </CustomBuild>
  </ItemGroup>
</Project>